
Microsoft Visual Studio Solution File, Format Version 12.00
# Visual Studio Version 16
VisualStudioVersion = 16.0.30114.105
MinimumVisualStudioVersion = 10.0.40219.1
Project("{9A19103F-16F7-4668-BE54-9A1E7A4F7556}") = "WisdomPetMedicine.Pet.Domain", "src\WisdomPetMedicine.Pet.Domain\WisdomPetMedicine.Pet.Domain.csproj", "{31E1AC38-31E9-4451-838B-D4050D1DCAD4}"
EndProject
Project("{9A19103F-16F7-4668-BE54-9A1E7A4F7556}") = "WisdomPetMedicine.Pet.Domain.Tests", "src\WisdomPetMedicine.Pet.Domain.Tests\WisdomPetMedicine.Pet.Domain.Tests.csproj", "{01015C79-A269-4244-B6BA-99605EE44367}"
EndProject
Project("{9A19103F-16F7-4668-BE54-9A1E7A4F7556}") = "WisdomPetMedicine.Rescue.Domain", "src\WisdomPetMedicine.Rescue.Domain\WisdomPetMedicine.Rescue.Domain.csproj", "{B2B020FB-007B-44C4-8E03-C7B413067F75}"
EndProject
Project("{9A19103F-16F7-4668-BE54-9A1E7A4F7556}") = "WisdomPetMedicine.Rescue.Domain.Tests", "src\WisdomPetMedicine.Rescue.Domain.Tests\WisdomPetMedicine.Rescue.Domain.Tests.csproj", "{3353BCE6-D943-41EE-9038-ABABC7C26F91}"
EndProject
Project("{9A19103F-16F7-4668-BE54-9A1E7A4F7556}") = "WisdomPetMedicine.Rescue.Api", "src\WisdomPetMedicine.Rescue.Api\WisdomPetMedicine.Rescue.Api.csproj", "{F30E195D-FC5F-453C-AC4B-C0E39F55EDE5}"
EndProject
Project("{9A19103F-16F7-4668-BE54-9A1E7A4F7556}") = "WisdomPetMedicine.Common", "src\WisdomPetMedicine.Common\WisdomPetMedicine.Common.csproj", "{27B46B0E-EFB6-47AA-9256-D68FFC0E2CD1}"
EndProject
Project("{2150E333-8FDC-42A3-9474-1A3956D46DE8}") = "Pet", "Pet", "{5C34E5FA-F38D-48ED-8C0A-18CB38348A65}"
EndProject
Project("{2150E333-8FDC-42A3-9474-1A3956D46DE8}") = "Rescue", "Rescue", "{29F05733-5BEC-41F1-B6DB-63A81C8C1608}"
EndProject
Project("{2150E333-8FDC-42A3-9474-1A3956D46DE8}") = "Hospital", "Hospital", "{ED32E001-37EB-482C-98B7-716EF5B463E7}"
EndProject
Project("{9A19103F-16F7-4668-BE54-9A1E7A4F7556}") = "WisdomPetMedicine.Hospital.Domain", "src\WisdomPetMedicine.Hospital.Domain\WisdomPetMedicine.Hospital.Domain.csproj", "{09EF766F-5681-4C5F-9654-A45F653C7B0D}"
EndProject
Project("{9A19103F-16F7-4668-BE54-9A1E7A4F7556}") = "WisdomPetMedicine.Hospital.Domain.Tests", "src\WisdomPetMedicine.Hospital.Domain.Tests\WisdomPetMedicine.Hospital.Domain.Tests.csproj", "{AA838513-9FB1-4E42-B2FD-962A9B2E76C5}"
EndProject
Project("{9A19103F-16F7-4668-BE54-9A1E7A4F7556}") = "WisdomPetMedicine.Hospital.Api", "src\WisdomPetMedicine.Hospital.Api\WisdomPetMedicine.Hospital.Api.csproj", "{CC715C48-C0CE-4D25-AC7C-09D6F0864290}"
EndProject
Project("{9A19103F-16F7-4668-BE54-9A1E7A4F7556}") = "WisdomPetMedicine.Pet.Api", "src\WisdomPetMedicine.Pet.Api\WisdomPetMedicine.Pet.Api.csproj", "{D189A9C3-FF89-4DB5-91EB-F60A55FB6144}"
EndProject
Global
	GlobalSection(SolutionConfigurationPlatforms) = preSolution
		Debug|Any CPU = Debug|Any CPU
		Debug|x64 = Debug|x64
		Debug|x86 = Debug|x86
		Release|Any CPU = Release|Any CPU
		Release|x64 = Release|x64
		Release|x86 = Release|x86
	EndGlobalSection
	GlobalSection(ProjectConfigurationPlatforms) = postSolution
		{31E1AC38-31E9-4451-838B-D4050D1DCAD4}.Debug|Any CPU.ActiveCfg = Debug|Any CPU
		{31E1AC38-31E9-4451-838B-D4050D1DCAD4}.Debug|Any CPU.Build.0 = Debug|Any CPU
		{31E1AC38-31E9-4451-838B-D4050D1DCAD4}.Debug|x64.ActiveCfg = Debug|Any CPU
		{31E1AC38-31E9-4451-838B-D4050D1DCAD4}.Debug|x64.Build.0 = Debug|Any CPU
		{31E1AC38-31E9-4451-838B-D4050D1DCAD4}.Debug|x86.ActiveCfg = Debug|Any CPU
		{31E1AC38-31E9-4451-838B-D4050D1DCAD4}.Debug|x86.Build.0 = Debug|Any CPU
		{31E1AC38-31E9-4451-838B-D4050D1DCAD4}.Release|Any CPU.ActiveCfg = Release|Any CPU
		{31E1AC38-31E9-4451-838B-D4050D1DCAD4}.Release|Any CPU.Build.0 = Release|Any CPU
		{31E1AC38-31E9-4451-838B-D4050D1DCAD4}.Release|x64.ActiveCfg = Release|Any CPU
		{31E1AC38-31E9-4451-838B-D4050D1DCAD4}.Release|x64.Build.0 = Release|Any CPU
		{31E1AC38-31E9-4451-838B-D4050D1DCAD4}.Release|x86.ActiveCfg = Release|Any CPU
		{31E1AC38-31E9-4451-838B-D4050D1DCAD4}.Release|x86.Build.0 = Release|Any CPU
		{01015C79-A269-4244-B6BA-99605EE44367}.Debug|Any CPU.ActiveCfg = Debug|Any CPU
		{01015C79-A269-4244-B6BA-99605EE44367}.Debug|Any CPU.Build.0 = Debug|Any CPU
		{01015C79-A269-4244-B6BA-99605EE44367}.Debug|x64.ActiveCfg = Debug|Any CPU
		{01015C79-A269-4244-B6BA-99605EE44367}.Debug|x64.Build.0 = Debug|Any CPU
		{01015C79-A269-4244-B6BA-99605EE44367}.Debug|x86.ActiveCfg = Debug|Any CPU
		{01015C79-A269-4244-B6BA-99605EE44367}.Debug|x86.Build.0 = Debug|Any CPU
		{01015C79-A269-4244-B6BA-99605EE44367}.Release|Any CPU.ActiveCfg = Release|Any CPU
		{01015C79-A269-4244-B6BA-99605EE44367}.Release|Any CPU.Build.0 = Release|Any CPU
		{01015C79-A269-4244-B6BA-99605EE44367}.Release|x64.ActiveCfg = Release|Any CPU
		{01015C79-A269-4244-B6BA-99605EE44367}.Release|x64.Build.0 = Release|Any CPU
		{01015C79-A269-4244-B6BA-99605EE44367}.Release|x86.ActiveCfg = Release|Any CPU
		{01015C79-A269-4244-B6BA-99605EE44367}.Release|x86.Build.0 = Release|Any CPU
		{B2B020FB-007B-44C4-8E03-C7B413067F75}.Debug|Any CPU.ActiveCfg = Debug|Any CPU
		{B2B020FB-007B-44C4-8E03-C7B413067F75}.Debug|Any CPU.Build.0 = Debug|Any CPU
		{B2B020FB-007B-44C4-8E03-C7B413067F75}.Debug|x64.ActiveCfg = Debug|Any CPU
		{B2B020FB-007B-44C4-8E03-C7B413067F75}.Debug|x64.Build.0 = Debug|Any CPU
		{B2B020FB-007B-44C4-8E03-C7B413067F75}.Debug|x86.ActiveCfg = Debug|Any CPU
		{B2B020FB-007B-44C4-8E03-C7B413067F75}.Debug|x86.Build.0 = Debug|Any CPU
		{B2B020FB-007B-44C4-8E03-C7B413067F75}.Release|Any CPU.ActiveCfg = Release|Any CPU
		{B2B020FB-007B-44C4-8E03-C7B413067F75}.Release|Any CPU.Build.0 = Release|Any CPU
		{B2B020FB-007B-44C4-8E03-C7B413067F75}.Release|x64.ActiveCfg = Release|Any CPU
		{B2B020FB-007B-44C4-8E03-C7B413067F75}.Release|x64.Build.0 = Release|Any CPU
		{B2B020FB-007B-44C4-8E03-C7B413067F75}.Release|x86.ActiveCfg = Release|Any CPU
		{B2B020FB-007B-44C4-8E03-C7B413067F75}.Release|x86.Build.0 = Release|Any CPU
		{3353BCE6-D943-41EE-9038-ABABC7C26F91}.Debug|Any CPU.ActiveCfg = Debug|Any CPU
		{3353BCE6-D943-41EE-9038-ABABC7C26F91}.Debug|Any CPU.Build.0 = Debug|Any CPU
		{3353BCE6-D943-41EE-9038-ABABC7C26F91}.Debug|x64.ActiveCfg = Debug|Any CPU
		{3353BCE6-D943-41EE-9038-ABABC7C26F91}.Debug|x64.Build.0 = Debug|Any CPU
		{3353BCE6-D943-41EE-9038-ABABC7C26F91}.Debug|x86.ActiveCfg = Debug|Any CPU
		{3353BCE6-D943-41EE-9038-ABABC7C26F91}.Debug|x86.Build.0 = Debug|Any CPU
		{3353BCE6-D943-41EE-9038-ABABC7C26F91}.Release|Any CPU.ActiveCfg = Release|Any CPU
		{3353BCE6-D943-41EE-9038-ABABC7C26F91}.Release|Any CPU.Build.0 = Release|Any CPU
		{3353BCE6-D943-41EE-9038-ABABC7C26F91}.Release|x64.ActiveCfg = Release|Any CPU
		{3353BCE6-D943-41EE-9038-ABABC7C26F91}.Release|x64.Build.0 = Release|Any CPU
		{3353BCE6-D943-41EE-9038-ABABC7C26F91}.Release|x86.ActiveCfg = Release|Any CPU
		{3353BCE6-D943-41EE-9038-ABABC7C26F91}.Release|x86.Build.0 = Release|Any CPU
		{F30E195D-FC5F-453C-AC4B-C0E39F55EDE5}.Debug|Any CPU.ActiveCfg = Debug|Any CPU
		{F30E195D-FC5F-453C-AC4B-C0E39F55EDE5}.Debug|Any CPU.Build.0 = Debug|Any CPU
		{F30E195D-FC5F-453C-AC4B-C0E39F55EDE5}.Debug|x64.ActiveCfg = Debug|Any CPU
		{F30E195D-FC5F-453C-AC4B-C0E39F55EDE5}.Debug|x64.Build.0 = Debug|Any CPU
		{F30E195D-FC5F-453C-AC4B-C0E39F55EDE5}.Debug|x86.ActiveCfg = Debug|Any CPU
		{F30E195D-FC5F-453C-AC4B-C0E39F55EDE5}.Debug|x86.Build.0 = Debug|Any CPU
		{F30E195D-FC5F-453C-AC4B-C0E39F55EDE5}.Release|Any CPU.ActiveCfg = Release|Any CPU
		{F30E195D-FC5F-453C-AC4B-C0E39F55EDE5}.Release|Any CPU.Build.0 = Release|Any CPU
		{F30E195D-FC5F-453C-AC4B-C0E39F55EDE5}.Release|x64.ActiveCfg = Release|Any CPU
		{F30E195D-FC5F-453C-AC4B-C0E39F55EDE5}.Release|x64.Build.0 = Release|Any CPU
		{F30E195D-FC5F-453C-AC4B-C0E39F55EDE5}.Release|x86.ActiveCfg = Release|Any CPU
		{F30E195D-FC5F-453C-AC4B-C0E39F55EDE5}.Release|x86.Build.0 = Release|Any CPU
		{27B46B0E-EFB6-47AA-9256-D68FFC0E2CD1}.Debug|Any CPU.ActiveCfg = Debug|Any CPU
		{27B46B0E-EFB6-47AA-9256-D68FFC0E2CD1}.Debug|Any CPU.Build.0 = Debug|Any CPU
		{27B46B0E-EFB6-47AA-9256-D68FFC0E2CD1}.Debug|x64.ActiveCfg = Debug|Any CPU
		{27B46B0E-EFB6-47AA-9256-D68FFC0E2CD1}.Debug|x64.Build.0 = Debug|Any CPU
		{27B46B0E-EFB6-47AA-9256-D68FFC0E2CD1}.Debug|x86.ActiveCfg = Debug|Any CPU
		{27B46B0E-EFB6-47AA-9256-D68FFC0E2CD1}.Debug|x86.Build.0 = Debug|Any CPU
		{27B46B0E-EFB6-47AA-9256-D68FFC0E2CD1}.Release|Any CPU.ActiveCfg = Release|Any CPU
		{27B46B0E-EFB6-47AA-9256-D68FFC0E2CD1}.Release|Any CPU.Build.0 = Release|Any CPU
		{27B46B0E-EFB6-47AA-9256-D68FFC0E2CD1}.Release|x64.ActiveCfg = Release|Any CPU
		{27B46B0E-EFB6-47AA-9256-D68FFC0E2CD1}.Release|x64.Build.0 = Release|Any CPU
		{27B46B0E-EFB6-47AA-9256-D68FFC0E2CD1}.Release|x86.ActiveCfg = Release|Any CPU
		{27B46B0E-EFB6-47AA-9256-D68FFC0E2CD1}.Release|x86.Build.0 = Release|Any CPU
		{09EF766F-5681-4C5F-9654-A45F653C7B0D}.Debug|Any CPU.ActiveCfg = Debug|Any CPU
		{09EF766F-5681-4C5F-9654-A45F653C7B0D}.Debug|Any CPU.Build.0 = Debug|Any CPU
		{09EF766F-5681-4C5F-9654-A45F653C7B0D}.Debug|x64.ActiveCfg = Debug|Any CPU
		{09EF766F-5681-4C5F-9654-A45F653C7B0D}.Debug|x64.Build.0 = Debug|Any CPU
		{09EF766F-5681-4C5F-9654-A45F653C7B0D}.Debug|x86.ActiveCfg = Debug|Any CPU
		{09EF766F-5681-4C5F-9654-A45F653C7B0D}.Debug|x86.Build.0 = Debug|Any CPU
		{09EF766F-5681-4C5F-9654-A45F653C7B0D}.Release|Any CPU.ActiveCfg = Release|Any CPU
		{09EF766F-5681-4C5F-9654-A45F653C7B0D}.Release|Any CPU.Build.0 = Release|Any CPU
		{09EF766F-5681-4C5F-9654-A45F653C7B0D}.Release|x64.ActiveCfg = Release|Any CPU
		{09EF766F-5681-4C5F-9654-A45F653C7B0D}.Release|x64.Build.0 = Release|Any CPU
		{09EF766F-5681-4C5F-9654-A45F653C7B0D}.Release|x86.ActiveCfg = Release|Any CPU
		{09EF766F-5681-4C5F-9654-A45F653C7B0D}.Release|x86.Build.0 = Release|Any CPU
		{AA838513-9FB1-4E42-B2FD-962A9B2E76C5}.Debug|Any CPU.ActiveCfg = Debug|Any CPU
		{AA838513-9FB1-4E42-B2FD-962A9B2E76C5}.Debug|Any CPU.Build.0 = Debug|Any CPU
		{AA838513-9FB1-4E42-B2FD-962A9B2E76C5}.Debug|x64.ActiveCfg = Debug|Any CPU
		{AA838513-9FB1-4E42-B2FD-962A9B2E76C5}.Debug|x64.Build.0 = Debug|Any CPU
		{AA838513-9FB1-4E42-B2FD-962A9B2E76C5}.Debug|x86.ActiveCfg = Debug|Any CPU
		{AA838513-9FB1-4E42-B2FD-962A9B2E76C5}.Debug|x86.Build.0 = Debug|Any CPU
		{AA838513-9FB1-4E42-B2FD-962A9B2E76C5}.Release|Any CPU.ActiveCfg = Release|Any CPU
		{AA838513-9FB1-4E42-B2FD-962A9B2E76C5}.Release|Any CPU.Build.0 = Release|Any CPU
		{AA838513-9FB1-4E42-B2FD-962A9B2E76C5}.Release|x64.ActiveCfg = Release|Any CPU
		{AA838513-9FB1-4E42-B2FD-962A9B2E76C5}.Release|x64.Build.0 = Release|Any CPU
		{AA838513-9FB1-4E42-B2FD-962A9B2E76C5}.Release|x86.ActiveCfg = Release|Any CPU
		{AA838513-9FB1-4E42-B2FD-962A9B2E76C5}.Release|x86.Build.0 = Release|Any CPU
		{CC715C48-C0CE-4D25-AC7C-09D6F0864290}.Debug|Any CPU.ActiveCfg = Debug|Any CPU
		{CC715C48-C0CE-4D25-AC7C-09D6F0864290}.Debug|Any CPU.Build.0 = Debug|Any CPU
		{CC715C48-C0CE-4D25-AC7C-09D6F0864290}.Debug|x64.ActiveCfg = Debug|Any CPU
		{CC715C48-C0CE-4D25-AC7C-09D6F0864290}.Debug|x64.Build.0 = Debug|Any CPU
		{CC715C48-C0CE-4D25-AC7C-09D6F0864290}.Debug|x86.ActiveCfg = Debug|Any CPU
		{CC715C48-C0CE-4D25-AC7C-09D6F0864290}.Debug|x86.Build.0 = Debug|Any CPU
		{CC715C48-C0CE-4D25-AC7C-09D6F0864290}.Release|Any CPU.ActiveCfg = Release|Any CPU
		{CC715C48-C0CE-4D25-AC7C-09D6F0864290}.Release|Any CPU.Build.0 = Release|Any CPU
		{CC715C48-C0CE-4D25-AC7C-09D6F0864290}.Release|x64.ActiveCfg = Release|Any CPU
		{CC715C48-C0CE-4D25-AC7C-09D6F0864290}.Release|x64.Build.0 = Release|Any CPU
		{CC715C48-C0CE-4D25-AC7C-09D6F0864290}.Release|x86.ActiveCfg = Release|Any CPU
		{CC715C48-C0CE-4D25-AC7C-09D6F0864290}.Release|x86.Build.0 = Release|Any CPU
		{D189A9C3-FF89-4DB5-91EB-F60A55FB6144}.Debug|Any CPU.ActiveCfg = Debug|Any CPU
		{D189A9C3-FF89-4DB5-91EB-F60A55FB6144}.Debug|Any CPU.Build.0 = Debug|Any CPU
		{D189A9C3-FF89-4DB5-91EB-F60A55FB6144}.Debug|x64.ActiveCfg = Debug|Any CPU
		{D189A9C3-FF89-4DB5-91EB-F60A55FB6144}.Debug|x64.Build.0 = Debug|Any CPU
		{D189A9C3-FF89-4DB5-91EB-F60A55FB6144}.Debug|x86.ActiveCfg = Debug|Any CPU
		{D189A9C3-FF89-4DB5-91EB-F60A55FB6144}.Debug|x86.Build.0 = Debug|Any CPU
		{D189A9C3-FF89-4DB5-91EB-F60A55FB6144}.Release|Any CPU.ActiveCfg = Release|Any CPU
		{D189A9C3-FF89-4DB5-91EB-F60A55FB6144}.Release|Any CPU.Build.0 = Release|Any CPU
		{D189A9C3-FF89-4DB5-91EB-F60A55FB6144}.Release|x64.ActiveCfg = Release|Any CPU
		{D189A9C3-FF89-4DB5-91EB-F60A55FB6144}.Release|x64.Build.0 = Release|Any CPU
		{D189A9C3-FF89-4DB5-91EB-F60A55FB6144}.Release|x86.ActiveCfg = Release|Any CPU
		{D189A9C3-FF89-4DB5-91EB-F60A55FB6144}.Release|x86.Build.0 = Release|Any CPU
	EndGlobalSection
	GlobalSection(SolutionProperties) = preSolution
		HideSolutionNode = FALSE
	EndGlobalSection
	GlobalSection(NestedProjects) = preSolution
		{31E1AC38-31E9-4451-838B-D4050D1DCAD4} = {5C34E5FA-F38D-48ED-8C0A-18CB38348A65}
		{01015C79-A269-4244-B6BA-99605EE44367} = {5C34E5FA-F38D-48ED-8C0A-18CB38348A65}
		{B2B020FB-007B-44C4-8E03-C7B413067F75} = {29F05733-5BEC-41F1-B6DB-63A81C8C1608}
		{3353BCE6-D943-41EE-9038-ABABC7C26F91} = {29F05733-5BEC-41F1-B6DB-63A81C8C1608}
		{F30E195D-FC5F-453C-AC4B-C0E39F55EDE5} = {29F05733-5BEC-41F1-B6DB-63A81C8C1608}
		{09EF766F-5681-4C5F-9654-A45F653C7B0D} = {ED32E001-37EB-482C-98B7-716EF5B463E7}
		{AA838513-9FB1-4E42-B2FD-962A9B2E76C5} = {ED32E001-37EB-482C-98B7-716EF5B463E7}
		{CC715C48-C0CE-4D25-AC7C-09D6F0864290} = {ED32E001-37EB-482C-98B7-716EF5B463E7}
		{D189A9C3-FF89-4DB5-91EB-F60A55FB6144} = {5C34E5FA-F38D-48ED-8C0A-18CB38348A65}
	EndGlobalSection
	GlobalSection(ExtensibilityGlobals) = postSolution
		SolutionGuid = {7097D41A-55D6-4B84-9F16-4568C9D6C544}
	EndGlobalSection
EndGlobal
